
Microsoft Visual Studio Solution File, Format Version 12.00
# Visual Studio Version 17
VisualStudioVersion = 17.6.33723.286
MinimumVisualStudioVersion = 10.0.40219.1
Project("{2150E333-8FDC-42A3-9474-1A3956D46DE8}") = "src", "src", "{48C9C3F3-2FD5-43AF-99CB-C59FB6683035}"
EndProject
Project("{9A19103F-16F7-4668-BE54-9A1E7A4F7556}") = "EnterComputers.WebApi", "src\EnterComputers.WebApi\EnterComputers.WebApi.csproj", "{79400B33-4D64-4C20-9006-55C49043FF71}"
EndProject
Project("{FAE04EC0-301F-11D3-BF4B-00C04F79EFBC}") = "EnterComputers.Domain", "src\EnterComputers.Domain\EnterComputers.Domain.csproj", "{A148C5A1-2490-436B-BAFC-99C4F3E4BC82}"
EndProject
Project("{FAE04EC0-301F-11D3-BF4B-00C04F79EFBC}") = "EnterComputers.DataAcces", "src\EnterComputers.DataAcces\EnterComputers.DataAcces.csproj", "{278956A2-0E66-46F5-91F3-3F744F6112AA}"
EndProject
Project("{FAE04EC0-301F-11D3-BF4B-00C04F79EFBC}") = "EnterComputers.Service", "src\EnterComputers.Service\EnterComputers.Service.csproj", "{57081294-E355-43B8-B733-46CBF12DB62E}"
EndProject
Project("{2150E333-8FDC-42A3-9474-1A3956D46DE8}") = "test", "test", "{47A37D94-B578-4BA6-9863-954526CA087E}"
EndProject
Project("{FAE04EC0-301F-11D3-BF4B-00C04F79EFBC}") = "EnterComputers.UnitTest", "test\EnterComputers.UnitTest\EnterComputers.UnitTest.csproj", "{0CBBB68D-ADAC-44B8-9E43-78F52D609FA1}"
EndProject
Global
	GlobalSection(SolutionConfigurationPlatforms) = preSolution
		Debug|Any CPU = Debug|Any CPU
		Release|Any CPU = Release|Any CPU
	EndGlobalSection
	GlobalSection(ProjectConfigurationPlatforms) = postSolution
		{79400B33-4D64-4C20-9006-55C49043FF71}.Debug|Any CPU.ActiveCfg = Debug|Any CPU
		{79400B33-4D64-4C20-9006-55C49043FF71}.Debug|Any CPU.Build.0 = Debug|Any CPU
		{79400B33-4D64-4C20-9006-55C49043FF71}.Release|Any CPU.ActiveCfg = Release|Any CPU
		{79400B33-4D64-4C20-9006-55C49043FF71}.Release|Any CPU.Build.0 = Release|Any CPU
		{A148C5A1-2490-436B-BAFC-99C4F3E4BC82}.Debug|Any CPU.ActiveCfg = Debug|Any CPU
		{A148C5A1-2490-436B-BAFC-99C4F3E4BC82}.Debug|Any CPU.Build.0 = Debug|Any CPU
		{A148C5A1-2490-436B-BAFC-99C4F3E4BC82}.Release|Any CPU.ActiveCfg = Release|Any CPU
		{A148C5A1-2490-436B-BAFC-99C4F3E4BC82}.Release|Any CPU.Build.0 = Release|Any CPU
		{278956A2-0E66-46F5-91F3-3F744F6112AA}.Debug|Any CPU.ActiveCfg = Debug|Any CPU
		{278956A2-0E66-46F5-91F3-3F744F6112AA}.Debug|Any CPU.Build.0 = Debug|Any CPU
		{278956A2-0E66-46F5-91F3-3F744F6112AA}.Release|Any CPU.ActiveCfg = Release|Any CPU
		{278956A2-0E66-46F5-91F3-3F744F6112AA}.Release|Any CPU.Build.0 = Release|Any CPU
		{57081294-E355-43B8-B733-46CBF12DB62E}.Debug|Any CPU.ActiveCfg = Debug|Any CPU
		{57081294-E355-43B8-B733-46CBF12DB62E}.Debug|Any CPU.Build.0 = Debug|Any CPU
		{57081294-E355-43B8-B733-46CBF12DB62E}.Release|Any CPU.ActiveCfg = Release|Any CPU
		{57081294-E355-43B8-B733-46CBF12DB62E}.Release|Any CPU.Build.0 = Release|Any CPU
		{0CBBB68D-ADAC-44B8-9E43-78F52D609FA1}.Debug|Any CPU.ActiveCfg = Debug|Any CPU
		{0CBBB68D-ADAC-44B8-9E43-78F52D609FA1}.Debug|Any CPU.Build.0 = Debug|Any CPU
		{0CBBB68D-ADAC-44B8-9E43-78F52D609FA1}.Release|Any CPU.ActiveCfg = Release|Any CPU
		{0CBBB68D-ADAC-44B8-9E43-78F52D609FA1}.Release|Any CPU.Build.0 = Release|Any CPU
	EndGlobalSection
	GlobalSection(SolutionProperties) = preSolution
		HideSolutionNode = FALSE
	EndGlobalSection
	GlobalSection(NestedProjects) = preSolution
		{79400B33-4D64-4C20-9006-55C49043FF71} = {48C9C3F3-2FD5-43AF-99CB-C59FB6683035}
		{A148C5A1-2490-436B-BAFC-99C4F3E4BC82} = {48C9C3F3-2FD5-43AF-99CB-C59FB6683035}
		{278956A2-0E66-46F5-91F3-3F744F6112AA} = {48C9C3F3-2FD5-43AF-99CB-C59FB6683035}
		{57081294-E355-43B8-B733-46CBF12DB62E} = {48C9C3F3-2FD5-43AF-99CB-C59FB6683035}
		{0CBBB68D-ADAC-44B8-9E43-78F52D609FA1} = {47A37D94-B578-4BA6-9863-954526CA087E}
	EndGlobalSection
	GlobalSection(ExtensibilityGlobals) = postSolution
		SolutionGuid = {E773C4BD-AADB-4415-8CF4-CBE778053913}
	EndGlobalSection
EndGlobal
